{
  "name": "@dapi/zulip-cli",
  "version": "0.1.0",
  "lockfileVersion": 3,
  "requires": true,
  "packages": {
    "": {
      "name": "@dapi/zulip-cli",
      "version": "0.1.0",
      "license": "MIT",
      "bin": {
        "zulip": "bin/zulip.js",
        "zulip-cli": "bin/zulip.js"
      },
      "engines": {
        "node": ">=20"
      }
    }
  }
}
